<Solution>
  <Project Path="BudgetApp/BudgetApp.Api/BudgetApp.Api.csproj" />
  <Project Path="BudgetApp/BudgetApp.Shared/BudgetApp.Shared.csproj" />
  <Project Path="BudgetApp/BudgetApp.Web/BudgetApp.Web.csproj" />
  <Project Path="BudgetApp/BudgetApp/BudgetApp.csproj">
    <Deploy Solution="Debug|*" />
  </Project>
</Solution>
