<Solution>
  <Folder Name="/BudgetApp/">
    <Project Path="BudgetApp/BudgetApp.Api/BudgetApp.Api.csproj" />
  </Folder>
  <Project Path="BudgetApp/BudgetApp.Shared/BudgetApp.Shared.csproj" />
  <Project Path="BudgetApp/BudgetApp.Web/BudgetApp.Web.csproj" />
  <Project Path="BudgetApp/BudgetApp/BudgetApp.csproj" />
</Solution>
